// !$*UTF8*$!
{
	archiveVersion = 1;
	classes = {
	};
	objectVersion = 56;
	objects = {

/* Begin PBXBuildFile section */
		EE35569829491991000DD86B /* PlayingVC.swift in Sources */ = {isa = PBXBuildFile; fileRef = EE35569729491991000DD86B /* PlayingVC.swift */; };
		EE35569B294919B2000DD86B /* PlayingCell.swift in Sources */ = {isa = PBXBuildFile; fileRef = EE355699294919B2000DD86B /* PlayingCell.swift */; };
		EE35569C294919B2000DD86B /* PlayingCell.xib in Resources */ = {isa = PBXBuildFile; fileRef = EE35569A294919B2000DD86B /* PlayingCell.xib */; };
		EED7A5632947AD6200231C44 /* AppDelegate.swift in Sources */ = {isa = PBXBuildFile; fileRef = EED7A5622947AD6200231C44 /* AppDelegate.swift */; };
		EED7A5652947AD6200231C44 /* SceneDelegate.swift in Sources */ = {isa = PBXBuildFile; fileRef = EED7A5642947AD6200231C44 /* SceneDelegate.swift */; };
		EED7A56A2947AD6200231C44 /* Main.storyboard in Resources */ = {isa = PBXBuildFile; fileRef = EED7A5682947AD6200231C44 /* Main.storyboard */; };
		EED7A56D2947AD6200231C44 /* AVCIMOV.xcdatamodeld in Sources */ = {isa = PBXBuildFile; fileRef = EED7A56B2947AD6200231C44 /* AVCIMOV.xcdatamodeld */; };
		EED7A56F2947AD6300231C44 /* Assets.xcassets in Resources */ = {isa = PBXBuildFile; fileRef = EED7A56E2947AD6300231C44 /* Assets.xcassets */; };
		EED7A5722947AD6300231C44 /* LaunchScreen.storyboard in Resources */ = {isa = PBXBuildFile; fileRef = EED7A5702947AD6300231C44 /* LaunchScreen.storyboard */; };
		EED7A57C2947B52600231C44 /* HomeTopCell.xib in Resources */ = {isa = PBXBuildFile; fileRef = EED7A57A2947B52600231C44 /* HomeTopCell.xib */; };
		EED7A5832947C14700231C44 /* HomeVC.swift in Sources */ = {isa = PBXBuildFile; fileRef = EED7A5822947C14700231C44 /* HomeVC.swift */; };
		EED7A5852947C44B00231C44 /* HomeTopCell.swift in Sources */ = {isa = PBXBuildFile; fileRef = EED7A5842947C44B00231C44 /* HomeTopCell.swift */; };
		EED7A58E2947C71D00231C44 /* Movie.swift in Sources */ = {isa = PBXBuildFile; fileRef = EED7A5872947C71D00231C44 /* Movie.swift */; };
		EED7A58F2947C71D00231C44 /* NetworkManager.swift in Sources */ = {isa = PBXBuildFile; fileRef = EED7A5892947C71D00231C44 /* NetworkManager.swift */; };
		EED7A5912947C71D00231C44 /* APIURLs.swift in Sources */ = {isa = PBXBuildFile; fileRef = EED7A58B2947C71D00231C44 /* APIURLs.swift */; };
		EED7A5922947C71D00231C44 /* MovieService.swift in Sources */ = {isa = PBXBuildFile; fileRef = EED7A58D2947C71D00231C44 /* MovieService.swift */; };
		EEFF9811294A5DD500F20AA7 /* UpcomingVC.swift in Sources */ = {isa = PBXBuildFile; fileRef = EEFF9810294A5DD500F20AA7 /* UpcomingVC.swift */; };
		EEFF9813294A5DEE00F20AA7 /* TopRatedVC.swift in Sources */ = {isa = PBXBuildFile; fileRef = EEFF9812294A5DEE00F20AA7 /* TopRatedVC.swift */; };
		EEFF9815294A5E0800F20AA7 /* PopulerVC.swift in Sources */ = {isa = PBXBuildFile; fileRef = EEFF9814294A5E0800F20AA7 /* PopulerVC.swift */; };
		EEFF9818294A5E2C00F20AA7 /* UpcomingCell.swift in Sources */ = {isa = PBXBuildFile; fileRef = EEFF9816294A5E2C00F20AA7 /* UpcomingCell.swift */; };
		EEFF9819294A5E2C00F20AA7 /* UpcomingCell.xib in Resources */ = {isa = PBXBuildFile; fileRef = EEFF9817294A5E2C00F20AA7 /* UpcomingCell.xib */; };
		EEFF981C294A5E4300F20AA7 /* TopRatedCell.swift in Sources */ = {isa = PBXBuildFile; fileRef = EEFF981A294A5E4300F20AA7 /* TopRatedCell.swift */; };
		EEFF981D294A5E4300F20AA7 /* TopRatedCell.xib in Resources */ = {isa = PBXBuildFile; fileRef = EEFF981B294A5E4300F20AA7 /* TopRatedCell.xib */; };
		EEFF9822294A5E8500F20AA7 /* PopulerCell.swift in Sources */ = {isa = PBXBuildFile; fileRef = EEFF9820294A5E8500F20AA7 /* PopulerCell.swift */; };
		EEFF9823294A5E8500F20AA7 /* PopulerCell.xib in Resources */ = {isa = PBXBuildFile; fileRef = EEFF9821294A5E8500F20AA7 /* PopulerCell.xib */; };
/* End PBXBuildFile section */

/* Begin PBXFileReference section */
		EE35569729491991000DD86B /* PlayingVC.swift */ = {isa = PBXFileReference; lastKnownFileType = sourcecode.swift; path = PlayingVC.swift; sourceTree = "<group>"; };
		EE355699294919B2000DD86B /* PlayingCell.swift */ = {isa = PBXFileReference; lastKnownFileType = sourcecode.swift; path = PlayingCell.swift; sourceTree = "<group>"; };
		EE35569A294919B2000DD86B /* PlayingCell.xib */ = {isa = PBXFileReference; lastKnownFileType = file.xib; path = PlayingCell.xib; sourceTree = "<group>"; };
		EED7A55F2947AD6200231C44 /* AVCIMOV.app */ = {isa = PBXFileReference; explicitFileType = wrapper.application; includeInIndex = 0; path = AVCIMOV.app; sourceTree = BUILT_PRODUCTS_DIR; };
		EED7A5622947AD6200231C44 /* AppDelegate.swift */ = {isa = PBXFileReference; lastKnownFileType = sourcecode.swift; path = AppDelegate.swift; sourceTree = "<group>"; };
		EED7A5642947AD6200231C44 /* SceneDelegate.swift */ = {isa = PBXFileReference; lastKnownFileType = sourcecode.swift; path = SceneDelegate.swift; sourceTree = "<group>"; };
		EED7A5692947AD6200231C44 /* Base */ = {isa = PBXFileReference; lastKnownFileType = file.storyboard; name = Base; path = Base.lproj/Main.storyboard; sourceTree = "<group>"; };
		EED7A56C2947AD6200231C44 /* AVCIMOV.xcdatamodel */ = {isa = PBXFileReference; lastKnownFileType = wrapper.xcdatamodel; path = AVCIMOV.xcdatamodel; sourceTree = "<group>"; };
		EED7A56E2947AD6300231C44 /* Assets.xcassets */ = {isa = PBXFileReference; lastKnownFileType = folder.assetcatalog; path = Assets.xcassets; sourceTree = "<group>"; };
		EED7A5712947AD6300231C44 /* Base */ = {isa = PBXFileReference; lastKnownFileType = file.storyboard; name = Base; path = Base.lproj/LaunchScreen.storyboard; sourceTree = "<group>"; };
		EED7A5732947AD6300231C44 /* Info.plist */ = {isa = PBXFileReference; lastKnownFileType = text.plist.xml; path = Info.plist; sourceTree = "<group>"; };
		EED7A57A2947B52600231C44 /* HomeTopCell.xib */ = {isa = PBXFileReference; lastKnownFileType = file.xib; path = HomeTopCell.xib; sourceTree = "<group>"; };
		EED7A57E2947B6BA00231C44 /* Montserrat-VariableFont_wght.ttf */ = {isa = PBXFileReference; lastKnownFileType = file; path = "Montserrat-VariableFont_wght.ttf"; sourceTree = "<group>"; };
		EED7A57F2947B6BA00231C44 /* Montserrat-Italic-VariableFont_wght.ttf */ = {isa = PBXFileReference; lastKnownFileType = file; path = "Montserrat-Italic-VariableFont_wght.ttf"; sourceTree = "<group>"; };
		EED7A5822947C14700231C44 /* HomeVC.swift */ = {isa = PBXFileReference; lastKnownFileType = sourcecode.swift; path = HomeVC.swift; sourceTree = "<group>"; };
		EED7A5842947C44B00231C44 /* HomeTopCell.swift */ = {isa = PBXFileReference; lastKnownFileType = sourcecode.swift; path = HomeTopCell.swift; sourceTree = "<group>"; };
		EED7A5872947C71D00231C44 /* Movie.swift */ = {isa = PBXFileReference; fileEncoding = 4; lastKnownFileType = sourcecode.swift; path = Movie.swift; sourceTree = "<group>"; };
		EED7A5892947C71D00231C44 /* NetworkManager.swift */ = {isa = PBXFileReference; fileEncoding = 4; lastKnownFileType = sourcecode.swift; path = NetworkManager.swift; sourceTree = "<group>"; };
		EED7A58B2947C71D00231C44 /* APIURLs.swift */ = {isa = PBXFileReference; fileEncoding = 4; lastKnownFileType = sourcecode.swift; path = APIURLs.swift; sourceTree = "<group>"; };
		EED7A58D2947C71D00231C44 /* MovieService.swift */ = {isa = PBXFileReference; fileEncoding = 4; lastKnownFileType = sourcecode.swift; path = MovieService.swift; sourceTree = "<group>"; };
		EEFF9810294A5DD500F20AA7 /* UpcomingVC.swift */ = {isa = PBXFileReference; lastKnownFileType = sourcecode.swift; path = UpcomingVC.swift; sourceTree = "<group>"; };
		EEFF9812294A5DEE00F20AA7 /* TopRatedVC.swift */ = {isa = PBXFileReference; lastKnownFileType = sourcecode.swift; path = TopRatedVC.swift; sourceTree = "<group>"; };
		EEFF9814294A5E0800F20AA7 /* PopulerVC.swift */ = {isa = PBXFileReference; lastKnownFileType = sourcecode.swift; path = PopulerVC.swift; sourceTree = "<group>"; };
		EEFF9816294A5E2C00F20AA7 /* UpcomingCell.swift */ = {isa = PBXFileReference; lastKnownFileType = sourcecode.swift; path = UpcomingCell.swift; sourceTree = "<group>"; };
		EEFF9817294A5E2C00F20AA7 /* UpcomingCell.xib */ = {isa = PBXFileReference; lastKnownFileType = file.xib; path = UpcomingCell.xib; sourceTree = "<group>"; };
		EEFF981A294A5E4300F20AA7 /* TopRatedCell.swift */ = {isa = PBXFileReference; lastKnownFileType = sourcecode.swift; path = TopRatedCell.swift; sourceTree = "<group>"; };
		EEFF981B294A5E4300F20AA7 /* TopRatedCell.xib */ = {isa = PBXFileReference; lastKnownFileType = file.xib; path = TopRatedCell.xib; sourceTree = "<group>"; };
		EEFF9820294A5E8500F20AA7 /* PopulerCell.swift */ = {isa = PBXFileReference; lastKnownFileType = sourcecode.swift; path = PopulerCell.swift; sourceTree = "<group>"; };
		EEFF9821294A5E8500F20AA7 /* PopulerCell.xib */ = {isa = PBXFileReference; lastKnownFileType = file.xib; path = PopulerCell.xib; sourceTree = "<group>"; };
/* End PBXFileReference section */

/* Begin PBXFrameworksBuildPhase section */
		EED7A55C2947AD6200231C44 /* Frameworks */ = {
			isa = PBXFrameworksBuildPhase;
			buildActionMask = 2147483647;
			files = (
			);
			runOnlyForDeploymentPostprocessing = 0;
		};
/* End PBXFrameworksBuildPhase section */

/* Begin PBXGroup section */
		EE3556962949196E000DD86B /* PlayingVC */ = {
			isa = PBXGroup;
			children = (
				EEFF980C294A5D9F00F20AA7 /* Cell */,
				EE35569729491991000DD86B /* PlayingVC.swift */,
			);
			path = PlayingVC;
			sourceTree = "<group>";
		};
		EED7A5562947AD6200231C44 = {
			isa = PBXGroup;
			children = (
				EED7A5612947AD6200231C44 /* AVCIMOV */,
				EED7A5602947AD6200231C44 /* Products */,
			);
			sourceTree = "<group>";
		};
		EED7A5602947AD6200231C44 /* Products */ = {
			isa = PBXGroup;
			children = (
				EED7A55F2947AD6200231C44 /* AVCIMOV.app */,
			);
			name = Products;
			sourceTree = "<group>";
		};
		EED7A5612947AD6200231C44 /* AVCIMOV */ = {
			isa = PBXGroup;
			children = (
				EEFF980B294A5D9500F20AA7 /* Populer */,
				EEFF980A294A5D8F00F20AA7 /* TopRated */,
				EEFF9809294A5D8100F20AA7 /* Upcoming */,
				EE3556962949196E000DD86B /* PlayingVC */,
				EED7A5862947C71D00231C44 /* Models */,
				EED7A58C2947C71D00231C44 /* Services */,
				EED7A5882947C71D00231C44 /* Utilities */,
				EED7A57D2947B52C00231C44 /* Home */,
				EED7A5622947AD6200231C44 /* AppDelegate.swift */,
				EED7A5642947AD6200231C44 /* SceneDelegate.swift */,
				EED7A5682947AD6200231C44 /* Main.storyboard */,
				EED7A56E2947AD6300231C44 /* Assets.xcassets */,
				EED7A5702947AD6300231C44 /* LaunchScreen.storyboard */,
				EED7A5732947AD6300231C44 /* Info.plist */,
				EED7A56B2947AD6200231C44 /* AVCIMOV.xcdatamodeld */,
				EED7A57F2947B6BA00231C44 /* Montserrat-Italic-VariableFont_wght.ttf */,
				EED7A57E2947B6BA00231C44 /* Montserrat-VariableFont_wght.ttf */,
			);
			path = AVCIMOV;
			sourceTree = "<group>";
		};
		EED7A57D2947B52C00231C44 /* Home */ = {
			isa = PBXGroup;
			children = (
				EED7A57A2947B52600231C44 /* HomeTopCell.xib */,
				EED7A5822947C14700231C44 /* HomeVC.swift */,
				EED7A5842947C44B00231C44 /* HomeTopCell.swift */,
			);
			path = Home;
			sourceTree = "<group>";
		};
		EED7A5862947C71D00231C44 /* Models */ = {
			isa = PBXGroup;
			children = (
				EED7A5872947C71D00231C44 /* Movie.swift */,
			);
			path = Models;
			sourceTree = "<group>";
		};
		EED7A5882947C71D00231C44 /* Utilities */ = {
			isa = PBXGroup;
			children = (
				EED7A5892947C71D00231C44 /* NetworkManager.swift */,
				EED7A58B2947C71D00231C44 /* APIURLs.swift */,
			);
			path = Utilities;
			sourceTree = "<group>";
		};
		EED7A58C2947C71D00231C44 /* Services */ = {
			isa = PBXGroup;
			children = (
				EED7A58D2947C71D00231C44 /* MovieService.swift */,
			);
			path = Services;
			sourceTree = "<group>";
		};
		EEFF9809294A5D8100F20AA7 /* Upcoming */ = {
			isa = PBXGroup;
			children = (
				EEFF980D294A5DAB00F20AA7 /* Cell */,
				EEFF9810294A5DD500F20AA7 /* UpcomingVC.swift */,
			);
			path = Upcoming;
			sourceTree = "<group>";
		};
		EEFF980A294A5D8F00F20AA7 /* TopRated */ = {
			isa = PBXGroup;
			children = (
				EEFF980E294A5DB500F20AA7 /* Cell */,
				EEFF9812294A5DEE00F20AA7 /* TopRatedVC.swift */,
			);
			path = TopRated;
			sourceTree = "<group>";
		};
		EEFF980B294A5D9500F20AA7 /* Populer */ = {
			isa = PBXGroup;
			children = (
				EEFF980F294A5DB900F20AA7 /* Cell */,
				EEFF9814294A5E0800F20AA7 /* PopulerVC.swift */,
			);
			path = Populer;
			sourceTree = "<group>";
		};
		EEFF980C294A5D9F00F20AA7 /* Cell */ = {
			isa = PBXGroup;
			children = (
				EE355699294919B2000DD86B /* PlayingCell.swift */,
				EE35569A294919B2000DD86B /* PlayingCell.xib */,
			);
			path = Cell;
			sourceTree = "<group>";
		};
		EEFF980D294A5DAB00F20AA7 /* Cell */ = {
			isa = PBXGroup;
			children = (
				EEFF9816294A5E2C00F20AA7 /* UpcomingCell.swift */,
				EEFF9817294A5E2C00F20AA7 /* UpcomingCell.xib */,
			);
			path = Cell;
			sourceTree = "<group>";
		};
		EEFF980E294A5DB500F20AA7 /* Cell */ = {
			isa = PBXGroup;
			children = (
				EEFF981A294A5E4300F20AA7 /* TopRatedCell.swift */,
				EEFF981B294A5E4300F20AA7 /* TopRatedCell.xib */,
			);
			path = Cell;
			sourceTree = "<group>";
		};
		EEFF980F294A5DB900F20AA7 /* Cell */ = {
			isa = PBXGroup;
			children = (
				EEFF9820294A5E8500F20AA7 /* PopulerCell.swift */,
				EEFF9821294A5E8500F20AA7 /* PopulerCell.xib */,
			);
			path = Cell;
			sourceTree = "<group>";
		};
/* End PBXGroup section */

/* Begin PBXNativeTarget section */
		EED7A55E2947AD6200231C44 /* AVCIMOV */ = {
			isa = PBXNativeTarget;
			buildConfigurationList = EED7A5762947AD6300231C44 /* Build configuration list for PBXNativeTarget "AVCIMOV" */;
			buildPhases = (
				EED7A55B2947AD6200231C44 /* Sources */,
				EED7A55C2947AD6200231C44 /* Frameworks */,
				EED7A55D2947AD6200231C44 /* Resources */,
			);
			buildRules = (
			);
			dependencies = (
			);
			name = AVCIMOV;
			productName = AVCIMOV;
			productReference = EED7A55F2947AD6200231C44 /* AVCIMOV.app */;
			productType = "com.apple.product-type.application";
		};
/* End PBXNativeTarget section */

/* Begin PBXProject section */
		EED7A5572947AD6200231C44 /* Project object */ = {
			isa = PBXProject;
			attributes = {
				BuildIndependentTargetsInParallel = 1;
				LastSwiftUpdateCheck = 1410;
				LastUpgradeCheck = 1410;
				TargetAttributes = {
					EED7A55E2947AD6200231C44 = {
						CreatedOnToolsVersion = 14.1;
					};
				};
			};
			buildConfigurationList = EED7A55A2947AD6200231C44 /* Build configuration list for PBXProject "AVCIMOV" */;
			compatibilityVersion = "Xcode 14.0";
			developmentRegion = en;
			hasScannedForEncodings = 0;
			knownRegions = (
				en,
				Base,
			);
			mainGroup = EED7A5562947AD6200231C44;
			productRefGroup = EED7A5602947AD6200231C44 /* Products */;
			projectDirPath = "";
			projectRoot = "";
			targets = (
				EED7A55E2947AD6200231C44 /* AVCIMOV */,
			);
		};
/* End PBXProject section */

/* Begin PBXResourcesBuildPhase section */
		EED7A55D2947AD6200231C44 /* Resources */ = {
			isa = PBXResourcesBuildPhase;
			buildActionMask = 2147483647;
			files = (
				EE35569C294919B2000DD86B /* PlayingCell.xib in Resources */,
				EED7A57C2947B52600231C44 /* HomeTopCell.xib in Resources */,
				EEFF981D294A5E4300F20AA7 /* TopRatedCell.xib in Resources */,
				EED7A5722947AD6300231C44 /* LaunchScreen.storyboard in Resources */,
				EED7A56F2947AD6300231C44 /* Assets.xcassets in Resources */,
				EED7A56A2947AD6200231C44 /* Main.storyboard in Resources */,
				EEFF9819294A5E2C00F20AA7 /* UpcomingCell.xib in Resources */,
				EEFF9823294A5E8500F20AA7 /* PopulerCell.xib in Resources */,
			);
			runOnlyForDeploymentPostprocessing = 0;
		};
/* End PBXResourcesBuildPhase section */

/* Begin PBXSourcesBuildPhase section */
		EED7A55B2947AD6200231C44 /* Sources */ = {
			isa = PBXSourcesBuildPhase;
			buildActionMask = 2147483647;
			files = (
				EEFF981C294A5E4300F20AA7 /* TopRatedCell.swift in Sources */,
				EED7A56D2947AD6200231C44 /* AVCIMOV.xcdatamodeld in Sources */,
				EEFF9818294A5E2C00F20AA7 /* UpcomingCell.swift in Sources */,
				EE35569829491991000DD86B /* PlayingVC.swift in Sources */,
				EED7A5632947AD6200231C44 /* AppDelegate.swift in Sources */,
				EED7A58E2947C71D00231C44 /* Movie.swift in Sources */,
				EED7A58F2947C71D00231C44 /* NetworkManager.swift in Sources */,
				EEFF9813294A5DEE00F20AA7 /* TopRatedVC.swift in Sources */,
				EED7A5922947C71D00231C44 /* MovieService.swift in Sources */,
				EED7A5832947C14700231C44 /* HomeVC.swift in Sources */,
				EEFF9815294A5E0800F20AA7 /* PopulerVC.swift in Sources */,
				EED7A5852947C44B00231C44 /* HomeTopCell.swift in Sources */,
				EED7A5652947AD6200231C44 /* SceneDelegate.swift in Sources */,
				EED7A5912947C71D00231C44 /* APIURLs.swift in Sources */,
				EEFF9811294A5DD500F20AA7 /* UpcomingVC.swift in Sources */,
				EEFF9822294A5E8500F20AA7 /* PopulerCell.swift in Sources */,
				EE35569B294919B2000DD86B /* PlayingCell.swift in Sources */,
			);
			runOnlyForDeploymentPostprocessing = 0;
		};
/* End PBXSourcesBuildPhase section */

/* Begin PBXVariantGroup section */
		EED7A5682947AD6200231C44 /* Main.storyboard */ = {
			isa = PBXVariantGroup;
			children = (
				EED7A5692947AD6200231C44 /* Base */,
			);
			name = Main.storyboard;
			sourceTree = "<group>";
		};
		EED7A5702947AD6300231C44 /* LaunchScreen.storyboard */ = {
			isa = PBXVariantGroup;
			children = (
				EED7A5712947AD6300231C44 /* Base */,
			);
			name = LaunchScreen.storyboard;
			sourceTree = "<group>";
		};
/* End PBXVariantGroup section */

/* Begin XCBuildConfiguration section */
		EED7A5742947AD6300231C44 /* Debug */ = {
			isa = XCBuildConfiguration;
			buildSettings = {
				ALWAYS_SEARCH_USER_PATHS = NO;
				CLANG_ANALYZER_NONNULL = YES;
				CLANG_ANALYZER_NUMBER_OBJECT_CONVERSION = YES_AGGRESSIVE;
				CLANG_CXX_LANGUAGE_STANDARD = "gnu++20";
				CLANG_ENABLE_MODULES = YES;
				CLANG_ENABLE_OBJC_ARC = YES;
				CLANG_ENABLE_OBJC_WEAK = YES;
				CLANG_WARN_BLOCK_CAPTURE_AUTORELEASING = YES;
				CLANG_WARN_BOOL_CONVERSION = YES;
				CLANG_WARN_COMMA = YES;
				CLANG_WARN_CONSTANT_CONVERSION = YES;
				CLANG_WARN_DEPRECATED_OBJC_IMPLEMENTATIONS = YES;
				CLANG_WARN_DIRECT_OBJC_ISA_USAGE = YES_ERROR;
				CLANG_WARN_DOCUMENTATION_COMMENTS = YES;
				CLANG_WARN_EMPTY_BODY = YES;
				CLANG_WARN_ENUM_CONVERSION = YES;
				CLANG_WARN_INFINITE_RECURSION = YES;
				CLANG_WARN_INT_CONVERSION = YES;
				CLANG_WARN_NON_LITERAL_NULL_CONVERSION = YES;
				CLANG_WARN_OBJC_IMPLICIT_RETAIN_SELF = YES;
				CLANG_WARN_OBJC_LITERAL_CONVERSION = YES;
				CLANG_WARN_OBJC_ROOT_CLASS = YES_ERROR;
				CLANG_WARN_QUOTED_INCLUDE_IN_FRAMEWORK_HEADER = YES;
				CLANG_WARN_RANGE_LOOP_ANALYSIS = YES;
				CLANG_WARN_STRICT_PROTOTYPES = YES;
				CLANG_WARN_SUSPICIOUS_MOVE = YES;
				CLANG_WARN_UNGUARDED_AVAILABILITY = YES_AGGRESSIVE;
				CLANG_WARN_UNREACHABLE_CODE = YES;
				CLANG_WARN__DUPLICATE_METHOD_MATCH = YES;
				COPY_PHASE_STRIP = NO;
				DEBUG_INFORMATION_FORMAT = dwarf;
				ENABLE_STRICT_OBJC_MSGSEND = YES;
				ENABLE_TESTABILITY = YES;
				GCC_C_LANGUAGE_STANDARD = gnu11;
				GCC_DYNAMIC_NO_PIC = NO;
				GCC_NO_COMMON_BLOCKS = YES;
				GCC_OPTIMIZATION_LEVEL = 0;
				GCC_PREPROCESSOR_DEFINITIONS = (
					"DEBUG=1",
					"$(inherited)",
				);
				GCC_WARN_64_TO_32_BIT_CONVERSION = YES;
				GCC_WARN_ABOUT_RETURN_TYPE = YES_ERROR;
				GCC_WARN_UNDECLARED_SELECTOR = YES;
				GCC_WARN_UNINITIALIZED_AUTOS = YES_AGGRESSIVE;
				GCC_WARN_UNUSED_FUNCTION = YES;
				GCC_WARN_UNUSED_VARIABLE = YES;
				IPHONEOS_DEPLOYMENT_TARGET = 16.1;
				MTL_ENABLE_DEBUG_INFO = INCLUDE_SOURCE;
				MTL_FAST_MATH = YES;
				ONLY_ACTIVE_ARCH = YES;
				SDKROOT = iphoneos;
				SWIFT_ACTIVE_COMPILATION_CONDITIONS = DEBUG;
				SWIFT_OPTIMIZATION_LEVEL = "-Onone";
			};
			name = Debug;
		};
		EED7A5752947AD6300231C44 /* Release */ = {
			isa = XCBuildConfiguration;
			buildSettings = {
				ALWAYS_SEARCH_USER_PATHS = NO;
				CLANG_ANALYZER_NONNULL = YES;
				CLANG_ANALYZER_NUMBER_OBJECT_CONVERSION = YES_AGGRESSIVE;
				CLANG_CXX_LANGUAGE_STANDARD = "gnu++20";
				CLANG_ENABLE_MODULES = YES;
				CLANG_ENABLE_OBJC_ARC = YES;
				CLANG_ENABLE_OBJC_WEAK = YES;
				CLANG_WARN_BLOCK_CAPTURE_AUTORELEASING = YES;
				CLANG_WARN_BOOL_CONVERSION = YES;
				CLANG_WARN_COMMA = YES;
				CLANG_WARN_CONSTANT_CONVERSION = YES;
				CLANG_WARN_DEPRECATED_OBJC_IMPLEMENTATIONS = YES;
				CLANG_WARN_DIRECT_OBJC_ISA_USAGE = YES_ERROR;
				CLANG_WARN_DOCUMENTATION_COMMENTS = YES;
				CLANG_WARN_EMPTY_BODY = YES;
				CLANG_WARN_ENUM_CONVERSION = YES;
				CLANG_WARN_INFINITE_RECURSION = YES;
				CLANG_WARN_INT_CONVERSION = YES;
				CLANG_WARN_NON_LITERAL_NULL_CONVERSION = YES;
				CLANG_WARN_OBJC_IMPLICIT_RETAIN_SELF = YES;
				CLANG_WARN_OBJC_LITERAL_CONVERSION = YES;
				CLANG_WARN_OBJC_ROOT_CLASS = YES_ERROR;
				CLANG_WARN_QUOTED_INCLUDE_IN_FRAMEWORK_HEADER = YES;
				CLANG_WARN_RANGE_LOOP_ANALYSIS = YES;
				CLANG_WARN_STRICT_PROTOTYPES = YES;
				CLANG_WARN_SUSPICIOUS_MOVE = YES;
				CLANG_WARN_UNGUARDED_AVAILABILITY = YES_AGGRESSIVE;
				CLANG_WARN_UNREACHABLE_CODE = YES;
				CLANG_WARN__DUPLICATE_METHOD_MATCH = YES;
				COPY_PHASE_STRIP = NO;
				DEBUG_INFORMATION_FORMAT = "dwarf-with-dsym";
				ENABLE_NS_ASSERTIONS = NO;
				ENABLE_STRICT_OBJC_MSGSEND = YES;
				GCC_C_LANGUAGE_STANDARD = gnu11;
				GCC_NO_COMMON_BLOCKS = YES;
				GCC_WARN_64_TO_32_BIT_CONVERSION = YES;
				GCC_WARN_ABOUT_RETURN_TYPE = YES_ERROR;
				GCC_WARN_UNDECLARED_SELECTOR = YES;
				GCC_WARN_UNINITIALIZED_AUTOS = YES_AGGRESSIVE;
				GCC_WARN_UNUSED_FUNCTION = YES;
				GCC_WARN_UNUSED_VARIABLE = YES;
				IPHONEOS_DEPLOYMENT_TARGET = 16.1;
				MTL_ENABLE_DEBUG_INFO = NO;
				MTL_FAST_MATH = YES;
				SDKROOT = iphoneos;
				SWIFT_COMPILATION_MODE = wholemodule;
				SWIFT_OPTIMIZATION_LEVEL = "-O";
				VALIDATE_PRODUCT = YES;
			};
			name = Release;
		};
		EED7A5772947AD6300231C44 /* Debug */ = {
			isa = XCBuildConfiguration;
			buildSettings = {
				ASSETCATALOG_COMPILER_APPICON_NAME = AppIcon;
				ASSETCATALOG_COMPILER_GLOBAL_ACCENT_COLOR_NAME = AccentColor;
				CODE_SIGN_STYLE = Automatic;
				CURRENT_PROJECT_VERSION = 1;
				DEVELOPMENT_TEAM = 74UL9K89V5;
				GENERATE_INFOPLIST_FILE = YES;
				INFOPLIST_FILE = AVCIMOV/Info.plist;
				INFOPLIST_KEY_UIApplicationSupportsIndirectInputEvents = YES;
				INFOPLIST_KEY_UILaunchStoryboardName = LaunchScreen;
				INFOPLIST_KEY_UIMainStoryboardFile = Main;
				INFOPLIST_KEY_UISupportedInterfaceOrientations_iPad = "UIInterfaceOrientationPortrait UIInterfaceOrientationPortraitUpsideDown UIInterfaceOrientationLandscapeLeft UIInterfaceOrientationLandscapeRight";
				INFOPLIST_KEY_UISupportedInterfaceOrientations_iPhone = "UIInterfaceOrientationPortrait UIInterfaceOrientationLandscapeLeft UIInterfaceOrientationLandscapeRight";
				IPHONEOS_DEPLOYMENT_TARGET = 13.0;
				LD_RUNPATH_SEARCH_PATHS = (
					"$(inherited)",
					"@executable_path/Frameworks",
				);
				MARKETING_VERSION = 1.0;
				PRODUCT_BUNDLE_IDENTIFIER = com.anilavci.AVCIMOV;
				PRODUCT_NAME = "$(TARGET_NAME)";
				SUPPORTED_PLATFORMS = "iphoneos iphonesimulator";
				SUPPORTS_MACCATALYST = NO;
				SUPPORTS_MAC_DESIGNED_FOR_IPHONE_IPAD = NO;
				SWIFT_EMIT_LOC_STRINGS = YES;
				SWIFT_VERSION = 5.0;
				TARGETED_DEVICE_FAMILY = "1,2";
			};
			name = Debug;
		};
		EED7A5782947AD6300231C44 /* Release */ = {
			isa = XCBuildConfiguration;
			buildSettings = {
				ASSETCATALOG_COMPILER_APPICON_NAME = AppIcon;
				ASSETCATALOG_COMPILER_GLOBAL_ACCENT_COLOR_NAME = AccentColor;
				CODE_SIGN_STYLE = Automatic;
				CURRENT_PROJECT_VERSION = 1;
				DEVELOPMENT_TEAM = 74UL9K89V5;
				GENERATE_INFOPLIST_FILE = YES;
				INFOPLIST_FILE = AVCIMOV/Info.plist;
				INFOPLIST_KEY_UIApplicationSupportsIndirectInputEvents = YES;
				INFOPLIST_KEY_UILaunchStoryboardName = LaunchScreen;
				INFOPLIST_KEY_UIMainStoryboardFile = Main;
				INFOPLIST_KEY_UISupportedInterfaceOrientations_iPad = "UIInterfaceOrientationPortrait UIInterfaceOrientationPortraitUpsideDown UIInterfaceOrientationLandscapeLeft UIInterfaceOrientationLandscapeRight";
				INFOPLIST_KEY_UISupportedInterfaceOrientations_iPhone = "UIInterfaceOrientationPortrait UIInterfaceOrientationLandscapeLeft UIInterfaceOrientationLandscapeRight";
				IPHONEOS_DEPLOYMENT_TARGET = 13.0;
				LD_RUNPATH_SEARCH_PATHS = (
					"$(inherited)",
					"@executable_path/Frameworks",
				);
				MARKETING_VERSION = 1.0;
				PRODUCT_BUNDLE_IDENTIFIER = com.anilavci.AVCIMOV;
				PRODUCT_NAME = "$(TARGET_NAME)";
				SUPPORTED_PLATFORMS = "iphoneos iphonesimulator";
				SUPPORTS_MACCATALYST = NO;
				SUPPORTS_MAC_DESIGNED_FOR_IPHONE_IPAD = NO;
				SWIFT_EMIT_LOC_STRINGS = YES;
				SWIFT_VERSION = 5.0;
				TARGETED_DEVICE_FAMILY = "1,2";
			};
			name = Release;
		};
/* End XCBuildConfiguration section */

/* Begin XCConfigurationList section */
		EED7A55A2947AD6200231C44 /* Build configuration list for PBXProject "AVCIMOV" */ = {
			isa = XCConfigurationList;
			buildConfigurations = (
				EED7A5742947AD6300231C44 /* Debug */,
				EED7A5752947AD6300231C44 /* Release */,
			);
			defaultConfigurationIsVisible = 0;
			defaultConfigurationName = Release;
		};
		EED7A5762947AD6300231C44 /* Build configuration list for PBXNativeTarget "AVCIMOV" */ = {
			isa = XCConfigurationList;
			buildConfigurations = (
				EED7A5772947AD6300231C44 /* Debug */,
				EED7A5782947AD6300231C44 /* Release */,
			);
			defaultConfigurationIsVisible = 0;
			defaultConfigurationName = Release;
		};
/* End XCConfigurationList section */

/* Begin XCVersionGroup section */
		EED7A56B2947AD6200231C44 /* AVCIMOV.xcdatamodeld */ = {
			isa = XCVersionGroup;
			children = (
				EED7A56C2947AD6200231C44 /* AVCIMOV.xcdatamodel */,
			);
			currentVersion = EED7A56C2947AD6200231C44 /* AVCIMOV.xcdatamodel */;
			path = AVCIMOV.xcdatamodeld;
			sourceTree = "<group>";
			versionGroupType = wrapper.xcdatamodel;
		};
/* End XCVersionGroup section */
	};
	rootObject = EED7A5572947AD6200231C44 /* Project object */;
}
